
Microsoft Visual Studio Solution File, Format Version 12.00
# Visual Studio Version 16
VisualStudioVersion = 16.0.30406.217
MinimumVisualStudioVersion = 10.0.40219.1
Project("{9A19103F-16F7-4668-BE54-9A1E7A4F7556}") = "X.GateWay.ApiApp", "X.GateWay.ApiApp\X.GateWay.ApiApp.csproj", "{2B5010D6-AB22-40DE-B2AC-1A327ECB96AE}"
EndProject
Project("{9A19103F-16F7-4668-BE54-9A1E7A4F7556}") = "X.MS.Activities.Api.App", "X.MS.Activities.Api.App\X.MS.Activities.Api.App.csproj", "{100159AC-B1A1-4F4F-9ACD-9C04C7ABC7F6}"
EndProject
Project("{9A19103F-16F7-4668-BE54-9A1E7A4F7556}") = "X.MS.Identity.ApiApp", "X.MS.Identity.ApiApp\X.MS.Identity.ApiApp.csproj", "{5054BE12-9A23-4E2E-80F2-67311DE4B382}"
EndProject
Project("{9A19103F-16F7-4668-BE54-9A1E7A4F7556}") = "X.Common", "X.Common\X.Common.csproj", "{13E95DDC-55E2-4EBE-AE45-2D3F15E86602}"
EndProject
Project("{2150E333-8FDC-42A3-9474-1A3956D46DE8}") = "ReadMe", "ReadMe", "{6D5424E0-6CE5-41E1-BB9A-605FE9BE9BDA}"
	ProjectSection(SolutionItems) = preProject
		Phase1_Archtecture__create_solution_and_porjects.txt = Phase1_Archtecture__create_solution_and_porjects.txt
		Phase2_MessageBus.txt = Phase2_MessageBus.txt
		Phase2a_MessageBus__Choose_technoloy.txt = Phase2a_MessageBus__Choose_technoloy.txt
		Phase2b_MessageBus__Configure_RabbitMQ.txt = Phase2b_MessageBus__Configure_RabbitMQ.txt
		Phase2c_MessageBus_Define_Commands.txt = Phase2c_MessageBus_Define_Commands.txt
		Phase2d_MessageBus_Define_Events.txt = Phase2d_MessageBus_Define_Events.txt
		Phase2e_MessageBus_REDO__Helper_methods_using_RawRabbit.IBusClient.txt = Phase2e_MessageBus_REDO__Helper_methods_using_RawRabbit.IBusClient.txt
		Phase2f_MessageBus_REDO_Helper_methods_serviceHost_as_BusClient.txt = Phase2f_MessageBus_REDO_Helper_methods_serviceHost_as_BusClient.txt
		Phase3_MessageBusDemo.txt = Phase3_MessageBusDemo.txt
		Phase3a_MessageBusDemo__API_GW_POST___publish_the_command_to_The_bus.txt = Phase3a_MessageBusDemo__API_GW_POST___publish_the_command_to_The_bus.txt
		Phase3b_MessagingDemo__MicroService_subscribe_and_handle_command.txt = Phase3b_MessagingDemo__MicroService_subscribe_and_handle_command.txt
		Phase3c_MessagingDemo_Test__Command_from_GW_To_MS.txt = Phase3c_MessagingDemo_Test__Command_from_GW_To_MS.txt
		Phase9.txt = Phase9.txt
	EndProjectSection
EndProject
Project("{9A19103F-16F7-4668-BE54-9A1E7A4F7556}") = "X.MS.TestMessaging.ApiApp", "X.MS.TestMessaging.ApiApp\X.MS.TestMessaging.ApiApp.csproj", "{D18011BF-C705-4AC5-B455-012E2D6B4892}"
EndProject
Project("{2150E333-8FDC-42A3-9474-1A3956D46DE8}") = "Research", "Research", "{47C42CF2-E4A9-48A1-B0CB-66FCBDCAC9A8}"
EndProject
Project("{2150E333-8FDC-42A3-9474-1A3956D46DE8}") = "1DotNetCore", "1DotNetCore", "{C2EAFEF6-CAC4-46B7-ADF3-7C8526287EDF}"
	ProjectSection(SolutionItems) = preProject
		TODO.txt = TODO.txt
	EndProjectSection
EndProject
Project("{2150E333-8FDC-42A3-9474-1A3956D46DE8}") = "2MicroServices", "2MicroServices", "{8CD63740-028F-4153-B72F-8795A98D35C8}"
EndProject
Project("{2150E333-8FDC-42A3-9474-1A3956D46DE8}") = "MessageBus", "MessageBus", "{4688FFF0-4D85-45BD-8146-1C0732F1DF6D}"
EndProject
Project("{2150E333-8FDC-42A3-9474-1A3956D46DE8}") = "Demo1", "Demo1", "{71086DB8-9C9A-4081-8EF1-2835E8C86769}"
	ProjectSection(SolutionItems) = preProject
		Demo1.txt = Demo1.txt
	EndProjectSection
EndProject
Project("{FAE04EC0-301F-11D3-BF4B-00C04F79EFBC}") = "Demo1.ConsoleApp", "Demo1.ConsoleApp\Demo1.ConsoleApp.csproj", "{DCD65AEC-0615-47A2-85AC-80AB9E6F9AAF}"
EndProject
Project("{2150E333-8FDC-42A3-9474-1A3956D46DE8}") = "Demo2", "Demo2", "{6F48F491-390D-483F-B4A3-5017241D31AC}"
	ProjectSection(SolutionItems) = preProject
		Demo2.txt = Demo2.txt
	EndProjectSection
EndProject
Project("{FAE04EC0-301F-11D3-BF4B-00C04F79EFBC}") = "Demo2.Common", "Demo2.Common\Demo2.Common.csproj", "{F6FE615B-082C-4EBD-85D0-250153EB02F4}"
EndProject
Project("{FAE04EC0-301F-11D3-BF4B-00C04F79EFBC}") = "Demo2.Sub.ApiApp", "Demo2.Sub.ApiApp\Demo2.Sub.ApiApp.csproj", "{DA6D891F-0BB2-4FB4-9E90-7D190858E5C4}"
EndProject
Project("{FAE04EC0-301F-11D3-BF4B-00C04F79EFBC}") = "Demo2.Pub.ApiApp", "Demo2.Pub.ApiApp\Demo2.Pub.ApiApp.csproj", "{470FB713-24E4-4D29-84B6-3102A23B1587}"
EndProject
Global
	GlobalSection(SolutionConfigurationPlatforms) = preSolution
		Debug|Any CPU = Debug|Any CPU
		Release|Any CPU = Release|Any CPU
	EndGlobalSection
	GlobalSection(ProjectConfigurationPlatforms) = postSolution
		{2B5010D6-AB22-40DE-B2AC-1A327ECB96AE}.Debug|Any CPU.ActiveCfg = Debug|Any CPU
		{2B5010D6-AB22-40DE-B2AC-1A327ECB96AE}.Debug|Any CPU.Build.0 = Debug|Any CPU
		{2B5010D6-AB22-40DE-B2AC-1A327ECB96AE}.Release|Any CPU.ActiveCfg = Release|Any CPU
		{2B5010D6-AB22-40DE-B2AC-1A327ECB96AE}.Release|Any CPU.Build.0 = Release|Any CPU
		{100159AC-B1A1-4F4F-9ACD-9C04C7ABC7F6}.Debug|Any CPU.ActiveCfg = Debug|Any CPU
		{100159AC-B1A1-4F4F-9ACD-9C04C7ABC7F6}.Debug|Any CPU.Build.0 = Debug|Any CPU
		{100159AC-B1A1-4F4F-9ACD-9C04C7ABC7F6}.Release|Any CPU.ActiveCfg = Release|Any CPU
		{100159AC-B1A1-4F4F-9ACD-9C04C7ABC7F6}.Release|Any CPU.Build.0 = Release|Any CPU
		{5054BE12-9A23-4E2E-80F2-67311DE4B382}.Debug|Any CPU.ActiveCfg = Debug|Any CPU
		{5054BE12-9A23-4E2E-80F2-67311DE4B382}.Debug|Any CPU.Build.0 = Debug|Any CPU
		{5054BE12-9A23-4E2E-80F2-67311DE4B382}.Release|Any CPU.ActiveCfg = Release|Any CPU
		{5054BE12-9A23-4E2E-80F2-67311DE4B382}.Release|Any CPU.Build.0 = Release|Any CPU
		{13E95DDC-55E2-4EBE-AE45-2D3F15E86602}.Debug|Any CPU.ActiveCfg = Debug|Any CPU
		{13E95DDC-55E2-4EBE-AE45-2D3F15E86602}.Debug|Any CPU.Build.0 = Debug|Any CPU
		{13E95DDC-55E2-4EBE-AE45-2D3F15E86602}.Release|Any CPU.ActiveCfg = Release|Any CPU
		{13E95DDC-55E2-4EBE-AE45-2D3F15E86602}.Release|Any CPU.Build.0 = Release|Any CPU
		{D18011BF-C705-4AC5-B455-012E2D6B4892}.Debug|Any CPU.ActiveCfg = Debug|Any CPU
		{D18011BF-C705-4AC5-B455-012E2D6B4892}.Debug|Any CPU.Build.0 = Debug|Any CPU
		{D18011BF-C705-4AC5-B455-012E2D6B4892}.Release|Any CPU.ActiveCfg = Release|Any CPU
		{D18011BF-C705-4AC5-B455-012E2D6B4892}.Release|Any CPU.Build.0 = Release|Any CPU
		{DCD65AEC-0615-47A2-85AC-80AB9E6F9AAF}.Debug|Any CPU.ActiveCfg = Debug|Any CPU
		{DCD65AEC-0615-47A2-85AC-80AB9E6F9AAF}.Debug|Any CPU.Build.0 = Debug|Any CPU
		{DCD65AEC-0615-47A2-85AC-80AB9E6F9AAF}.Release|Any CPU.ActiveCfg = Release|Any CPU
		{DCD65AEC-0615-47A2-85AC-80AB9E6F9AAF}.Release|Any CPU.Build.0 = Release|Any CPU
		{F6FE615B-082C-4EBD-85D0-250153EB02F4}.Debug|Any CPU.ActiveCfg = Debug|Any CPU
		{F6FE615B-082C-4EBD-85D0-250153EB02F4}.Debug|Any CPU.Build.0 = Debug|Any CPU
		{F6FE615B-082C-4EBD-85D0-250153EB02F4}.Release|Any CPU.ActiveCfg = Release|Any CPU
		{F6FE615B-082C-4EBD-85D0-250153EB02F4}.Release|Any CPU.Build.0 = Release|Any CPU
		{DA6D891F-0BB2-4FB4-9E90-7D190858E5C4}.Debug|Any CPU.ActiveCfg = Debug|Any CPU
		{DA6D891F-0BB2-4FB4-9E90-7D190858E5C4}.Debug|Any CPU.Build.0 = Debug|Any CPU
		{DA6D891F-0BB2-4FB4-9E90-7D190858E5C4}.Release|Any CPU.ActiveCfg = Release|Any CPU
		{DA6D891F-0BB2-4FB4-9E90-7D190858E5C4}.Release|Any CPU.Build.0 = Release|Any CPU
		{470FB713-24E4-4D29-84B6-3102A23B1587}.Debug|Any CPU.ActiveCfg = Debug|Any CPU
		{470FB713-24E4-4D29-84B6-3102A23B1587}.Debug|Any CPU.Build.0 = Debug|Any CPU
		{470FB713-24E4-4D29-84B6-3102A23B1587}.Release|Any CPU.ActiveCfg = Release|Any CPU
		{470FB713-24E4-4D29-84B6-3102A23B1587}.Release|Any CPU.Build.0 = Release|Any CPU
	EndGlobalSection
	GlobalSection(SolutionProperties) = preSolution
		HideSolutionNode = FALSE
	EndGlobalSection
	GlobalSection(NestedProjects) = preSolution
		{C2EAFEF6-CAC4-46B7-ADF3-7C8526287EDF} = {47C42CF2-E4A9-48A1-B0CB-66FCBDCAC9A8}
		{8CD63740-028F-4153-B72F-8795A98D35C8} = {47C42CF2-E4A9-48A1-B0CB-66FCBDCAC9A8}
		{4688FFF0-4D85-45BD-8146-1C0732F1DF6D} = {8CD63740-028F-4153-B72F-8795A98D35C8}
		{71086DB8-9C9A-4081-8EF1-2835E8C86769} = {4688FFF0-4D85-45BD-8146-1C0732F1DF6D}
		{DCD65AEC-0615-47A2-85AC-80AB9E6F9AAF} = {71086DB8-9C9A-4081-8EF1-2835E8C86769}
		{6F48F491-390D-483F-B4A3-5017241D31AC} = {4688FFF0-4D85-45BD-8146-1C0732F1DF6D}
		{F6FE615B-082C-4EBD-85D0-250153EB02F4} = {6F48F491-390D-483F-B4A3-5017241D31AC}
		{DA6D891F-0BB2-4FB4-9E90-7D190858E5C4} = {6F48F491-390D-483F-B4A3-5017241D31AC}
		{470FB713-24E4-4D29-84B6-3102A23B1587} = {6F48F491-390D-483F-B4A3-5017241D31AC}
	EndGlobalSection
	GlobalSection(ExtensibilityGlobals) = postSolution
		SolutionGuid = {996DDED7-77C7-4B4F-80F0-B2E65B832A29}
	EndGlobalSection
EndGlobal
